{
    "version": 3,
    "terraform_version": "0.11.5",
    "serial": 4,
    "lineage": "af606088-76af-efe4-5988-bc5b546c291e",
    "modules": [
        {
            "path": [
                "root"
            ],
            "outputs": {
                "Container Name": {
                    "sensitive": false,
                    "type": "string",
                    "value": "prod_blog"
                },
                "IP Address": {
                    "sensitive": false,
                    "type": "string",
                    "value": "172.17.0.3"
                }
            },
            "resources": {},
            "depends_on": []
        },
        {
            "path": [
                "root",
                "container"
            ],
            "outputs": {
                "container_name": {
                    "sensitive": false,
                    "type": "string",
                    "value": "prod_blog"
                },
                "ip": {
                    "sensitive": false,
                    "type": "string",
                    "value": "172.17.0.3"
                }
            },
            "resources": {
                "docker_container.container_id": {
                    "type": "docker_container",
                    "depends_on": [],
                    "primary": {
                        "id": "990ac7c4419b469ab264a1700ebfeaa42cb4b14b83ea1dca3cb49581000ec39c",
                        "attributes": {
                            "attach": "false",
                            "bridge": "",
                            "gateway": "172.17.0.1",
                            "id": "990ac7c4419b469ab264a1700ebfeaa42cb4b14b83ea1dca3cb49581000ec39c",
                            "image": "sha256:d3dcc25e0dc4d14198cd4e4d82a1de9dfc8c647549d0683a5dd171b7c741fa00",
                            "ip_address": "172.17.0.3",
                            "ip_prefix_length": "16",
                            "log_driver": "json-file",
                            "logs": "false",
                            "must_run": "true",
                            "name": "prod_blog",
                            "network_data.#": "1",
                            "network_data.0.gateway": "172.17.0.1",
                            "network_data.0.ip_address": "172.17.0.3",
                            "network_data.0.ip_prefix_length": "16",
                            "network_data.0.network_name": "bridge",
                            "ports.#": "1",
                            "ports.0.external": "80",
                            "ports.0.internal": "80",
                            "ports.0.ip": "0.0.0.0",
                            "ports.0.protocol": "tcp",
                            "restart": "no",
                            "rm": "false",
                            "start": "true"
                        },
                        "meta": {},
                        "tainted": false
                    },
                    "deposed": [],
                    "provider": "provider.docker"
                }
            },
            "depends_on": []
        },
        {
            "path": [
                "root",
                "image"
            ],
            "outputs": {
                "image_out": {
                    "sensitive": false,
                    "type": "string",
                    "value": "sha256:d3dcc25e0dc4d14198cd4e4d82a1de9dfc8c647549d0683a5dd171b7c741fa00"
                }
            },
            "resources": {
                "docker_image.image_id": {
                    "type": "docker_image",
                    "depends_on": [],
                    "primary": {
                        "id": "sha256:e81eb098537d6c4a75438eacc6a2ed94af74ca168076f719f3a0558bd24d646anginx:latest",
                        "attributes": {
                            "id": "sha256:e81eb098537d6c4a75438eacc6a2ed94af74ca168076f719f3a0558bd24d646anginx:latest",
                            "latest": "sha256:d3dcc25e0dc4d14198cd4e4d82a1de9dfc8c647549d0683a5dd171b7c741fa00",
                            "name": "nginx:alpine"
                        },
                        "meta": {},
                        "tainted": false
                    },
                    "deposed": [],
                    "provider": "provider.docker"
                }
            },
            "depends_on": []
        }
    ]
}
