{
    "version": 3,
    "terraform_version": "0.11.5",
    "serial": 4,
    "lineage": "bd97e57b-4080-19ab-7afb-c1c1fc0795f4",
    "modules": [
        {
            "path": [
                "root"
            ],
            "outputs": {
                "IP Address": {
                    "sensitive": false,
                    "type": "string",
                    "value": "172.17.0.3"
                },
                "container_name": {
                    "sensitive": false,
                    "type": "string",
                    "value": "nginx_container"
                }
            },
            "resources": {
                "docker_container.container_id": {
                    "type": "docker_container",
                    "depends_on": [
                        "docker_image.image_id"
                    ],
                    "primary": {
                        "id": "fcdfcb5ba11c127e1f8ae137f9327b855a7ebd6e0f02cb60f1a429f50b3020de",
                        "attributes": {
                            "bridge": "",
                            "gateway": "172.17.0.1",
                            "id": "fcdfcb5ba11c127e1f8ae137f9327b855a7ebd6e0f02cb60f1a429f50b3020de",
                            "image": "sha256:e81eb098537d6c4a75438eacc6a2ed94af74ca168076f719f3a0558bd24d646a",
                            "ip_address": "172.17.0.3",
                            "ip_prefix_length": "16",
                            "log_driver": "json-file",
                            "must_run": "true",
                            "name": "nginx_container",
                            "ports.#": "1",
                            "ports.185830146.external": "8034",
                            "ports.185830146.internal": "80",
                            "ports.185830146.ip": "",
                            "ports.185830146.protocol": "tcp",
                            "restart": "no"
                        },
                        "meta": {},
                        "tainted": false
                    },
                    "deposed": [],
                    "provider": "provider.docker"
                },
                "docker_image.image_id": {
                    "type": "docker_image",
                    "depends_on": [],
                    "primary": {
                        "id": "sha256:e81eb098537d6c4a75438eacc6a2ed94af74ca168076f719f3a0558bd24d646anginx:latest",
                        "attributes": {
                            "id": "sha256:e81eb098537d6c4a75438eacc6a2ed94af74ca168076f719f3a0558bd24d646anginx:latest",
                            "latest": "sha256:e81eb098537d6c4a75438eacc6a2ed94af74ca168076f719f3a0558bd24d646a",
                            "name": "nginx:latest"
                        },
                        "meta": {},
                        "tainted": false
                    },
                    "deposed": [],
                    "provider": "provider.docker"
                }
            },
            "depends_on": []
        }
    ]
}
