{
    "version": 3,
    "terraform_version": "0.11.5",
    "serial": 7,
    "lineage": "9fa7d7e9-f4da-1557-5d30-e9f7677b9154",
    "modules": [
        {
            "path": [
                "root"
            ],
            "outputs": {},
            "resources": {
                "docker_container.ubuntu_container": {
                    "type": "docker_container",
                    "depends_on": [
                        "docker_image.ubuntu"
                    ],
                    "primary": {
                        "id": "e20c2b6e411bb886319da4bff2edc775e651fdda7291e3eb1e83f1b9a0879835",
                        "attributes": {
                            "attach": "false",
                            "bridge": "",
                            "gateway": "172.17.0.1",
                            "id": "e20c2b6e411bb886319da4bff2edc775e651fdda7291e3eb1e83f1b9a0879835",
                            "image": "sha256:93fd78260bd1495afb484371928661f63e64be306b7ac48e2d13ce9422dfee26",
                            "ip_address": "172.17.0.3",
                            "ip_prefix_length": "16",
                            "log_driver": "json-file",
                            "logs": "false",
                            "must_run": "true",
                            "name": "ubuntu_container",
                            "network_data.#": "1",
                            "network_data.0.gateway": "172.17.0.1",
                            "network_data.0.ip_address": "172.17.0.3",
                            "network_data.0.ip_prefix_length": "16",
                            "network_data.0.network_name": "bridge",
                            "ports.#": "0",
                            "restart": "no",
                            "rm": "false",
                            "start": "true"
                        },
                        "meta": {},
                        "tainted": false
                    },
                    "deposed": [],
                    "provider": "provider.docker"
                },
                "docker_image.ubuntu": {
                    "type": "docker_image",
                    "depends_on": [],
                    "primary": {
                        "id": "sha256:93fd78260bd1495afb484371928661f63e64be306b7ac48e2d13ce9422dfee26ubuntu:latest",
                        "attributes": {
                            "id": "sha256:93fd78260bd1495afb484371928661f63e64be306b7ac48e2d13ce9422dfee26ubuntu:latest",
                            "latest": "sha256:93fd78260bd1495afb484371928661f63e64be306b7ac48e2d13ce9422dfee26",
                            "name": "ubuntu:latest"
                        },
                        "meta": {},
                        "tainted": false
                    },
                    "deposed": [],
                    "provider": "provider.docker"
                }
            },
            "depends_on": []
        }
    ]
}
